
Microsoft Visual Studio Solution File, Format Version 12.00
# Visual Studio Version 17
VisualStudioVersion = 17.14.37012.4 d17.14
MinimumVisualStudioVersion = 10.0.40219.1
Project("{FAE04EC0-301F-11D3-BF4B-00C04F79EFBC}") = "Neandertalica_DBH", "Neandertalica_DBH.csproj", "{9851CF00-C6DC-4303-AEA1-C18FE3D17C25}"
EndProject
Global
	GlobalSection(SolutionConfigurationPlatforms) = preSolution
		Debug|Any CPU = Debug|Any CPU
		Release|Any CPU = Release|Any CPU
	EndGlobalSection
	GlobalSection(ProjectConfigurationPlatforms) = postSolution
		{9851CF00-C6DC-4303-AEA1-C18FE3D17C25}.Debug|Any CPU.ActiveCfg = Debug|Any CPU
		{9851CF00-C6DC-4303-AEA1-C18FE3D17C25}.Debug|Any CPU.Build.0 = Debug|Any CPU
		{9851CF00-C6DC-4303-AEA1-C18FE3D17C25}.Release|Any CPU.ActiveCfg = Release|Any CPU
		{9851CF00-C6DC-4303-AEA1-C18FE3D17C25}.Release|Any CPU.Build.0 = Release|Any CPU
	EndGlobalSection
	GlobalSection(SolutionProperties) = preSolution
		HideSolutionNode = FALSE
	EndGlobalSection
	GlobalSection(ExtensibilityGlobals) = postSolution
		SolutionGuid = {5EE28667-8617-4C77-9651-CB6BE4639E58}
	EndGlobalSection
EndGlobal
